
Microsoft Visual Studio Solution File, Format Version 12.00
Project("{FAE04EC0-301F-11D3-BF4B-00C04F79EFBC}") = "Homework2", "Homework2\Homework2.csproj", "{A7072CA4-FF61-4026-9392-D8C5E2893EFC}"
EndProject
Global
	GlobalSection(SolutionConfigurationPlatforms) = preSolution
		Debug|Any CPU = Debug|Any CPU
		Release|Any CPU = Release|Any CPU
	EndGlobalSection
	GlobalSection(ProjectConfigurationPlatforms) = postSolution
		{A7072CA4-FF61-4026-9392-D8C5E2893EFC}.Debug|Any CPU.ActiveCfg = Debug|Any CPU
		{A7072CA4-FF61-4026-9392-D8C5E2893EFC}.Debug|Any CPU.Build.0 = Debug|Any CPU
		{A7072CA4-FF61-4026-9392-D8C5E2893EFC}.Release|Any CPU.ActiveCfg = Release|Any CPU
		{A7072CA4-FF61-4026-9392-D8C5E2893EFC}.Release|Any CPU.Build.0 = Release|Any CPU
	EndGlobalSection
EndGlobal
